
Microsoft Visual Studio Solution File, Format Version 12.00
# Visual Studio Version 17
VisualStudioVersion = 17.14.37301.10 d17.14
MinimumVisualStudioVersion = 10.0.40219.1
Project("{FAE04EC0-301F-11D3-BF4B-00C04F79EFBC}") = "Prn222_Nghiahnc_Mvc", "Prn222_Nghiahnc_Mvc\Prn222_Nghiahnc_Mvc.csproj", "{745C3128-D630-4FC2-BFCC-CF9BFD635FC4}"
EndProject
Global
	GlobalSection(SolutionConfigurationPlatforms) = preSolution
		Debug|Any CPU = Debug|Any CPU
		Release|Any CPU = Release|Any CPU
	EndGlobalSection
	GlobalSection(ProjectConfigurationPlatforms) = postSolution
		{745C3128-D630-4FC2-BFCC-CF9BFD635FC4}.Debug|Any CPU.ActiveCfg = Debug|Any CPU
		{745C3128-D630-4FC2-BFCC-CF9BFD635FC4}.Debug|Any CPU.Build.0 = Debug|Any CPU
		{745C3128-D630-4FC2-BFCC-CF9BFD635FC4}.Release|Any CPU.ActiveCfg = Release|Any CPU
		{745C3128-D630-4FC2-BFCC-CF9BFD635FC4}.Release|Any CPU.Build.0 = Release|Any CPU
	EndGlobalSection
	GlobalSection(SolutionProperties) = preSolution
		HideSolutionNode = FALSE
	EndGlobalSection
	GlobalSection(ExtensibilityGlobals) = postSolution
		SolutionGuid = {F220B943-25F5-4AE4-8017-1765495EC638}
	EndGlobalSection
EndGlobal
